
Microsoft Visual Studio Solution File, Format Version 12.00
# Visual Studio Version 17
VisualStudioVersion = 17.0.32126.317
MinimumVisualStudioVersion = 10.0.40219.1
Project("{FAE04EC0-301F-11D3-BF4B-00C04F79EFBC}") = "DBExample1", "DBExample1\DBExample1.csproj", "{33418B12-2228-4B43-9A83-DFA57A97577F}"
EndProject
Global
	GlobalSection(SolutionConfigurationPlatforms) = preSolution
		Debug|Any CPU = Debug|Any CPU
		Release|Any CPU = Release|Any CPU
	EndGlobalSection
	GlobalSection(ProjectConfigurationPlatforms) = postSolution
		{33418B12-2228-4B43-9A83-DFA57A97577F}.Debug|Any CPU.ActiveCfg = Debug|Any CPU
		{33418B12-2228-4B43-9A83-DFA57A97577F}.Debug|Any CPU.Build.0 = Debug|Any CPU
		{33418B12-2228-4B43-9A83-DFA57A97577F}.Release|Any CPU.ActiveCfg = Release|Any CPU
		{33418B12-2228-4B43-9A83-DFA57A97577F}.Release|Any CPU.Build.0 = Release|Any CPU
	EndGlobalSection
	GlobalSection(SolutionProperties) = preSolution
		HideSolutionNode = FALSE
	EndGlobalSection
	GlobalSection(ExtensibilityGlobals) = postSolution
		SolutionGuid = {92E1B8CF-45D6-4AFE-9A02-EC5DA0BE2759}
	EndGlobalSection
EndGlobal
